// !$*UTF8*$!
{
	archiveVersion = 1;
	classes = {
	};
	objectVersion = 56;
	objects = {

/* Begin PBXBuildFile section */
		7F15A5902930C9740054EC41 /* AppDelegate.swift in Sources */ = {isa = PBXBuildFile; fileRef = 7F15A58F2930C9740054EC41 /* AppDelegate.swift */; };
		7F15A5922930C9740054EC41 /* SceneDelegate.swift in Sources */ = {isa = PBXBuildFile; fileRef = 7F15A5912930C9740054EC41 /* SceneDelegate.swift */; };
		7F15A5942930C9740054EC41 /* ViewController.swift in Sources */ = {isa = PBXBuildFile; fileRef = 7F15A5932930C9740054EC41 /* ViewController.swift */; };
		7F15A5972930C9740054EC41 /* Main.storyboard in Resources */ = {isa = PBXBuildFile; fileRef = 7F15A5952930C9740054EC41 /* Main.storyboard */; };
		7F15A5992930C9760054EC41 /* Assets.xcassets in Resources */ = {isa = PBXBuildFile; fileRef = 7F15A5982930C9760054EC41 /* Assets.xcassets */; };
		7F15A59C2930C9760054EC41 /* LaunchScreen.storyboard in Resources */ = {isa = PBXBuildFile; fileRef = 7F15A59A2930C9760054EC41 /* LaunchScreen.storyboard */; };
		7F15A5A72930C9760054EC41 /* AssignmentFiveTests.swift in Sources */ = {isa = PBXBuildFile; fileRef = 7F15A5A62930C9760054EC41 /* AssignmentFiveTests.swift */; };
		7F15A5B12930C9760054EC41 /* AssignmentFiveUITests.swift in Sources */ = {isa = PBXBuildFile; fileRef = 7F15A5B02930C9760054EC41 /* AssignmentFiveUITests.swift */; };
		7F15A5B32930C9760054EC41 /* AssignmentFiveUITestsLaunchTests.swift in Sources */ = {isa = PBXBuildFile; fileRef = 7F15A5B22930C9760054EC41 /* AssignmentFiveUITestsLaunchTests.swift */; };
/* End PBXBuildFile section */

/* Begin PBXContainerItemProxy section */
		7F15A5A32930C9760054EC41 /* PBXContainerItemProxy */ = {
			isa = PBXContainerItemProxy;
			containerPortal = 7F15A5842930C9740054EC41 /* Project object */;
			proxyType = 1;
			remoteGlobalIDString = 7F15A58B2930C9740054EC41;
			remoteInfo = AssignmentFive;
		};
		7F15A5AD2930C9760054EC41 /* PBXContainerItemProxy */ = {
			isa = PBXContainerItemProxy;
			containerPortal = 7F15A5842930C9740054EC41 /* Project object */;
			proxyType = 1;
			remoteGlobalIDString = 7F15A58B2930C9740054EC41;
			remoteInfo = AssignmentFive;
		};
/* End PBXContainerItemProxy section */

/* Begin PBXFileReference section */
		7F15A58C2930C9740054EC41 /* AssignmentFive.app */ = {isa = PBXFileReference; explicitFileType = wrapper.application; includeInIndex = 0; path = AssignmentFive.app; sourceTree = BUILT_PRODUCTS_DIR; };
		7F15A58F2930C9740054EC41 /* AppDelegate.swift */ = {isa = PBXFileReference; lastKnownFileType = sourcecode.swift; path = AppDelegate.swift; sourceTree = "<group>"; };
		7F15A5912930C9740054EC41 /* SceneDelegate.swift */ = {isa = PBXFileReference; lastKnownFileType = sourcecode.swift; path = SceneDelegate.swift; sourceTree = "<group>"; };
		7F15A5932930C9740054EC41 /* ViewController.swift */ = {isa = PBXFileReference; lastKnownFileType = sourcecode.swift; path = ViewController.swift; sourceTree = "<group>"; };
		7F15A5962930C9740054EC41 /* Base */ = {isa = PBXFileReference; lastKnownFileType = file.storyboard; name = Base; path = Base.lproj/Main.storyboard; sourceTree = "<group>"; };
		7F15A5982930C9760054EC41 /* Assets.xcassets */ = {isa = PBXFileReference; lastKnownFileType = folder.assetcatalog; path = Assets.xcassets; sourceTree = "<group>"; };
		7F15A59B2930C9760054EC41 /* Base */ = {isa = PBXFileReference; lastKnownFileType = file.storyboard; name = Base; path = Base.lproj/LaunchScreen.storyboard; sourceTree = "<group>"; };
		7F15A59D2930C9760054EC41 /* Info.plist */ = {isa = PBXFileReference; lastKnownFileType = text.plist.xml; path = Info.plist; sourceTree = "<group>"; };
		7F15A5A22930C9760054EC41 /* AssignmentFiveTests.xctest */ = {isa = PBXFileReference; explicitFileType = wrapper.cfbundle; includeInIndex = 0; path = AssignmentFiveTests.xctest; sourceTree = BUILT_PRODUCTS_DIR; };
		7F15A5A62930C9760054EC41 /* AssignmentFiveTests.swift */ = {isa = PBXFileReference; lastKnownFileType = sourcecode.swift; path = AssignmentFiveTests.swift; sourceTree = "<group>"; };
		7F15A5AC2930C9760054EC41 /* AssignmentFiveUITests.xctest */ = {isa = PBXFileReference; explicitFileType = wrapper.cfbundle; includeInIndex = 0; path = AssignmentFiveUITests.xctest; sourceTree = BUILT_PRODUCTS_DIR; };
		7F15A5B02930C9760054EC41 /* AssignmentFiveUITests.swift */ = {isa = PBXFileReference; lastKnownFileType = sourcecode.swift; path = AssignmentFiveUITests.swift; sourceTree = "<group>"; };
		7F15A5B22930C9760054EC41 /* AssignmentFiveUITestsLaunchTests.swift */ = {isa = PBXFileReference; lastKnownFileType = sourcecode.swift; path = AssignmentFiveUITestsLaunchTests.swift; sourceTree = "<group>"; };
/* End PBXFileReference section */

/* Begin PBXFrameworksBuildPhase section */
		7F15A5892930C9740054EC41 /* Frameworks */ = {
			isa = PBXFrameworksBuildPhase;
			buildActionMask = 2147483647;
			files = (
			);
			runOnlyForDeploymentPostprocessing = 0;
		};
		7F15A59F2930C9760054EC41 /* Frameworks */ = {
			isa = PBXFrameworksBuildPhase;
			buildActionMask = 2147483647;
			files = (
			);
			runOnlyForDeploymentPostprocessing = 0;
		};
		7F15A5A92930C9760054EC41 /* Frameworks */ = {
			isa = PBXFrameworksBuildPhase;
			buildActionMask = 2147483647;
			files = (
			);
			runOnlyForDeploymentPostprocessing = 0;
		};
/* End PBXFrameworksBuildPhase section */

/* Begin PBXGroup section */
		7F15A5832930C9740054EC41 = {
			isa = PBXGroup;
			children = (
				7F15A58E2930C9740054EC41 /* AssignmentFive */,
				7F15A5A52930C9760054EC41 /* AssignmentFiveTests */,
				7F15A5AF2930C9760054EC41 /* AssignmentFiveUITests */,
				7F15A58D2930C9740054EC41 /* Products */,
			);
			sourceTree = "<group>";
		};
		7F15A58D2930C9740054EC41 /* Products */ = {
			isa = PBXGroup;
			children = (
				7F15A58C2930C9740054EC41 /* AssignmentFive.app */,
				7F15A5A22930C9760054EC41 /* AssignmentFiveTests.xctest */,
				7F15A5AC2930C9760054EC41 /* AssignmentFiveUITests.xctest */,
			);
			name = Products;
			sourceTree = "<group>";
		};
		7F15A58E2930C9740054EC41 /* AssignmentFive */ = {
			isa = PBXGroup;
			children = (
				7F15A58F2930C9740054EC41 /* AppDelegate.swift */,
				7F15A5912930C9740054EC41 /* SceneDelegate.swift */,
				7F15A5932930C9740054EC41 /* ViewController.swift */,
				7F15A5952930C9740054EC41 /* Main.storyboard */,
				7F15A5982930C9760054EC41 /* Assets.xcassets */,
				7F15A59A2930C9760054EC41 /* LaunchScreen.storyboard */,
				7F15A59D2930C9760054EC41 /* Info.plist */,
			);
			path = AssignmentFive;
			sourceTree = "<group>";
		};
		7F15A5A52930C9760054EC41 /* AssignmentFiveTests */ = {
			isa = PBXGroup;
			children = (
				7F15A5A62930C9760054EC41 /* AssignmentFiveTests.swift */,
			);
			path = AssignmentFiveTests;
			sourceTree = "<group>";
		};
		7F15A5AF2930C9760054EC41 /* AssignmentFiveUITests */ = {
			isa = PBXGroup;
			children = (
				7F15A5B02930C9760054EC41 /* AssignmentFiveUITests.swift */,
				7F15A5B22930C9760054EC41 /* AssignmentFiveUITestsLaunchTests.swift */,
			);
			path = AssignmentFiveUITests;
			sourceTree = "<group>";
		};
/* End PBXGroup section */

/* Begin PBXNativeTarget section */
		7F15A58B2930C9740054EC41 /* AssignmentFive */ = {
			isa = PBXNativeTarget;
			buildConfigurationList = 7F15A5B62930C9760054EC41 /* Build configuration list for PBXNativeTarget "AssignmentFive" */;
			buildPhases = (
				7F15A5882930C9740054EC41 /* Sources */,
				7F15A5892930C9740054EC41 /* Frameworks */,
				7F15A58A2930C9740054EC41 /* Resources */,
			);
			buildRules = (
			);
			dependencies = (
			);
			name = AssignmentFive;
			productName = AssignmentFive;
			productReference = 7F15A58C2930C9740054EC41 /* AssignmentFive.app */;
			productType = "com.apple.product-type.application";
		};
		7F15A5A12930C9760054EC41 /* AssignmentFiveTests */ = {
			isa = PBXNativeTarget;
			buildConfigurationList = 7F15A5B92930C9760054EC41 /* Build configuration list for PBXNativeTarget "AssignmentFiveTests" */;
			buildPhases = (
				7F15A59E2930C9760054EC41 /* Sources */,
				7F15A59F2930C9760054EC41 /* Frameworks */,
				7F15A5A02930C9760054EC41 /* Resources */,
			);
			buildRules = (
			);
			dependencies = (
				7F15A5A42930C9760054EC41 /* PBXTargetDependency */,
			);
			name = AssignmentFiveTests;
			productName = AssignmentFiveTests;
			productReference = 7F15A5A22930C9760054EC41 /* AssignmentFiveTests.xctest */;
			productType = "com.apple.product-type.bundle.unit-test";
		};
		7F15A5AB2930C9760054EC41 /* AssignmentFiveUITests */ = {
			isa = PBXNativeTarget;
			buildConfigurationList = 7F15A5BC2930C9760054EC41 /* Build configuration list for PBXNativeTarget "AssignmentFiveUITests" */;
			buildPhases = (
				7F15A5A82930C9760054EC41 /* Sources */,
				7F15A5A92930C9760054EC41 /* Frameworks */,
				7F15A5AA2930C9760054EC41 /* Resources */,
			);
			buildRules = (
			);
			dependencies = (
				7F15A5AE2930C9760054EC41 /* PBXTargetDependency */,
			);
			name = AssignmentFiveUITests;
			productName = AssignmentFiveUITests;
			productReference = 7F15A5AC2930C9760054EC41 /* AssignmentFiveUITests.xctest */;
			productType = "com.apple.product-type.bundle.ui-testing";
		};
/* End PBXNativeTarget section */

/* Begin PBXProject section */
		7F15A5842930C9740054EC41 /* Project object */ = {
			isa = PBXProject;
			attributes = {
				BuildIndependentTargetsInParallel = 1;
				LastSwiftUpdateCheck = 1410;
				LastUpgradeCheck = 1410;
				TargetAttributes = {
					7F15A58B2930C9740054EC41 = {
						CreatedOnToolsVersion = 14.1;
					};
					7F15A5A12930C9760054EC41 = {
						CreatedOnToolsVersion = 14.1;
						TestTargetID = 7F15A58B2930C9740054EC41;
					};
					7F15A5AB2930C9760054EC41 = {
						CreatedOnToolsVersion = 14.1;
						TestTargetID = 7F15A58B2930C9740054EC41;
					};
				};
			};
			buildConfigurationList = 7F15A5872930C9740054EC41 /* Build configuration list for PBXProject "AssignmentFive" */;
			compatibilityVersion = "Xcode 14.0";
			developmentRegion = en;
			hasScannedForEncodings = 0;
			knownRegions = (
				en,
				Base,
			);
			mainGroup = 7F15A5832930C9740054EC41;
			productRefGroup = 7F15A58D2930C9740054EC41 /* Products */;
			projectDirPath = "";
			projectRoot = "";
			targets = (
				7F15A58B2930C9740054EC41 /* AssignmentFive */,
				7F15A5A12930C9760054EC41 /* AssignmentFiveTests */,
				7F15A5AB2930C9760054EC41 /* AssignmentFiveUITests */,
			);
		};
/* End PBXProject section */

/* Begin PBXResourcesBuildPhase section */
		7F15A58A2930C9740054EC41 /* Resources */ = {
			isa = PBXResourcesBuildPhase;
			buildActionMask = 2147483647;
			files = (
				7F15A59C2930C9760054EC41 /* LaunchScreen.storyboard in Resources */,
				7F15A5992930C9760054EC41 /* Assets.xcassets in Resources */,
				7F15A5972930C9740054EC41 /* Main.storyboard in Resources */,
			);
			runOnlyForDeploymentPostprocessing = 0;
		};
		7F15A5A02930C9760054EC41 /* Resources */ = {
			isa = PBXResourcesBuildPhase;
			buildActionMask = 2147483647;
			files = (
			);
			runOnlyForDeploymentPostprocessing = 0;
		};
		7F15A5AA2930C9760054EC41 /* Resources */ = {
			isa = PBXResourcesBuildPhase;
			buildActionMask = 2147483647;
			files = (
			);
			runOnlyForDeploymentPostprocessing = 0;
		};
/* End PBXResourcesBuildPhase section */

/* Begin PBXSourcesBuildPhase section */
		7F15A5882930C9740054EC41 /* Sources */ = {
			isa = PBXSourcesBuildPhase;
			buildActionMask = 2147483647;
			files = (
				7F15A5942930C9740054EC41 /* ViewController.swift in Sources */,
				7F15A5902930C9740054EC41 /* AppDelegate.swift in Sources */,
				7F15A5922930C9740054EC41 /* SceneDelegate.swift in Sources */,
			);
			runOnlyForDeploymentPostprocessing = 0;
		};
		7F15A59E2930C9760054EC41 /* Sources */ = {
			isa = PBXSourcesBuildPhase;
			buildActionMask = 2147483647;
			files = (
				7F15A5A72930C9760054EC41 /* AssignmentFiveTests.swift in Sources */,
			);
			runOnlyForDeploymentPostprocessing = 0;
		};
		7F15A5A82930C9760054EC41 /* Sources */ = {
			isa = PBXSourcesBuildPhase;
			buildActionMask = 2147483647;
			files = (
				7F15A5B12930C9760054EC41 /* AssignmentFiveUITests.swift in Sources */,
				7F15A5B32930C9760054EC41 /* AssignmentFiveUITestsLaunchTests.swift in Sources */,
			);
			runOnlyForDeploymentPostprocessing = 0;
		};
/* End PBXSourcesBuildPhase section */

/* Begin PBXTargetDependency section */
		7F15A5A42930C9760054EC41 /* PBXTargetDependency */ = {
			isa = PBXTargetDependency;
			target = 7F15A58B2930C9740054EC41 /* AssignmentFive */;
			targetProxy = 7F15A5A32930C9760054EC41 /* PBXContainerItemProxy */;
		};
		7F15A5AE2930C9760054EC41 /* PBXTargetDependency */ = {
			isa = PBXTargetDependency;
			target = 7F15A58B2930C9740054EC41 /* AssignmentFive */;
			targetProxy = 7F15A5AD2930C9760054EC41 /* PBXContainerItemProxy */;
		};
/* End PBXTargetDependency section */

/* Begin PBXVariantGroup section */
		7F15A5952930C9740054EC41 /* Main.storyboard */ = {
			isa = PBXVariantGroup;
			children = (
				7F15A5962930C9740054EC41 /* Base */,
			);
			name = Main.storyboard;
			sourceTree = "<group>";
		};
		7F15A59A2930C9760054EC41 /* LaunchScreen.storyboard */ = {
			isa = PBXVariantGroup;
			children = (
				7F15A59B2930C9760054EC41 /* Base */,
			);
			name = LaunchScreen.storyboard;
			sourceTree = "<group>";
		};
/* End PBXVariantGroup section */

/* Begin XCBuildConfiguration section */
		7F15A5B42930C9760054EC41 /* Debug */ = {
			isa = XCBuildConfiguration;
			buildSettings = {
				ALWAYS_SEARCH_USER_PATHS = NO;
				CLANG_ANALYZER_NONNULL = YES;
				CLANG_ANALYZER_NUMBER_OBJECT_CONVERSION = YES_AGGRESSIVE;
				CLANG_CXX_LANGUAGE_STANDARD = "gnu++20";
				CLANG_ENABLE_MODULES = YES;
				CLANG_ENABLE_OBJC_ARC = YES;
				CLANG_ENABLE_OBJC_WEAK = YES;
				CLANG_WARN_BLOCK_CAPTURE_AUTORELEASING = YES;
				CLANG_WARN_BOOL_CONVERSION = YES;
				CLANG_WARN_COMMA = YES;
				CLANG_WARN_CONSTANT_CONVERSION = YES;
				CLANG_WARN_DEPRECATED_OBJC_IMPLEMENTATIONS = YES;
				CLANG_WARN_DIRECT_OBJC_ISA_USAGE = YES_ERROR;
				CLANG_WARN_DOCUMENTATION_COMMENTS = YES;
				CLANG_WARN_EMPTY_BODY = YES;
				CLANG_WARN_ENUM_CONVERSION = YES;
				CLANG_WARN_INFINITE_RECURSION = YES;
				CLANG_WARN_INT_CONVERSION = YES;
				CLANG_WARN_NON_LITERAL_NULL_CONVERSION = YES;
				CLANG_WARN_OBJC_IMPLICIT_RETAIN_SELF = YES;
				CLANG_WARN_OBJC_LITERAL_CONVERSION = YES;
				CLANG_WARN_OBJC_ROOT_CLASS = YES_ERROR;
				CLANG_WARN_QUOTED_INCLUDE_IN_FRAMEWORK_HEADER = YES;
				CLANG_WARN_RANGE_LOOP_ANALYSIS = YES;
				CLANG_WARN_STRICT_PROTOTYPES = YES;
				CLANG_WARN_SUSPICIOUS_MOVE = YES;
				CLANG_WARN_UNGUARDED_AVAILABILITY = YES_AGGRESSIVE;
				CLANG_WARN_UNREACHABLE_CODE = YES;
				CLANG_WARN__DUPLICATE_METHOD_MATCH = YES;
				COPY_PHASE_STRIP = NO;
				DEBUG_INFORMATION_FORMAT = dwarf;
				ENABLE_STRICT_OBJC_MSGSEND = YES;
				ENABLE_TESTABILITY = YES;
				GCC_C_LANGUAGE_STANDARD = gnu11;
				GCC_DYNAMIC_NO_PIC = NO;
				GCC_NO_COMMON_BLOCKS = YES;
				GCC_OPTIMIZATION_LEVEL = 0;
				GCC_PREPROCESSOR_DEFINITIONS = (
					"DEBUG=1",
					"$(inherited)",
				);
				GCC_WARN_64_TO_32_BIT_CONVERSION = YES;
				GCC_WARN_ABOUT_RETURN_TYPE = YES_ERROR;
				GCC_WARN_UNDECLARED_SELECTOR = YES;
				GCC_WARN_UNINITIALIZED_AUTOS = YES_AGGRESSIVE;
				GCC_WARN_UNUSED_FUNCTION = YES;
				GCC_WARN_UNUSED_VARIABLE = YES;
				IPHONEOS_DEPLOYMENT_TARGET = 16.1;
				MTL_ENABLE_DEBUG_INFO = INCLUDE_SOURCE;
				MTL_FAST_MATH = YES;
				ONLY_ACTIVE_ARCH = YES;
				SDKROOT = iphoneos;
				SWIFT_ACTIVE_COMPILATION_CONDITIONS = DEBUG;
				SWIFT_OPTIMIZATION_LEVEL = "-Onone";
			};
			name = Debug;
		};
		7F15A5B52930C9760054EC41 /* Release */ = {
			isa = XCBuildConfiguration;
			buildSettings = {
				ALWAYS_SEARCH_USER_PATHS = NO;
				CLANG_ANALYZER_NONNULL = YES;
				CLANG_ANALYZER_NUMBER_OBJECT_CONVERSION = YES_AGGRESSIVE;
				CLANG_CXX_LANGUAGE_STANDARD = "gnu++20";
				CLANG_ENABLE_MODULES = YES;
				CLANG_ENABLE_OBJC_ARC = YES;
				CLANG_ENABLE_OBJC_WEAK = YES;
				CLANG_WARN_BLOCK_CAPTURE_AUTORELEASING = YES;
				CLANG_WARN_BOOL_CONVERSION = YES;
				CLANG_WARN_COMMA = YES;
				CLANG_WARN_CONSTANT_CONVERSION = YES;
				CLANG_WARN_DEPRECATED_OBJC_IMPLEMENTATIONS = YES;
				CLANG_WARN_DIRECT_OBJC_ISA_USAGE = YES_ERROR;
				CLANG_WARN_DOCUMENTATION_COMMENTS = YES;
				CLANG_WARN_EMPTY_BODY = YES;
				CLANG_WARN_ENUM_CONVERSION = YES;
				CLANG_WARN_INFINITE_RECURSION = YES;
				CLANG_WARN_INT_CONVERSION = YES;
				CLANG_WARN_NON_LITERAL_NULL_CONVERSION = YES;
				CLANG_WARN_OBJC_IMPLICIT_RETAIN_SELF = YES;
				CLANG_WARN_OBJC_LITERAL_CONVERSION = YES;
				CLANG_WARN_OBJC_ROOT_CLASS = YES_ERROR;
				CLANG_WARN_QUOTED_INCLUDE_IN_FRAMEWORK_HEADER = YES;
				CLANG_WARN_RANGE_LOOP_ANALYSIS = YES;
				CLANG_WARN_STRICT_PROTOTYPES = YES;
				CLANG_WARN_SUSPICIOUS_MOVE = YES;
				CLANG_WARN_UNGUARDED_AVAILABILITY = YES_AGGRESSIVE;
				CLANG_WARN_UNREACHABLE_CODE = YES;
				CLANG_WARN__DUPLICATE_METHOD_MATCH = YES;
				COPY_PHASE_STRIP = NO;
				DEBUG_INFORMATION_FORMAT = "dwarf-with-dsym";
				ENABLE_NS_ASSERTIONS = NO;
				ENABLE_STRICT_OBJC_MSGSEND = YES;
				GCC_C_LANGUAGE_STANDARD = gnu11;
				GCC_NO_COMMON_BLOCKS = YES;
				GCC_WARN_64_TO_32_BIT_CONVERSION = YES;
				GCC_WARN_ABOUT_RETURN_TYPE = YES_ERROR;
				GCC_WARN_UNDECLARED_SELECTOR = YES;
				GCC_WARN_UNINITIALIZED_AUTOS = YES_AGGRESSIVE;
				GCC_WARN_UNUSED_FUNCTION = YES;
				GCC_WARN_UNUSED_VARIABLE = YES;
				IPHONEOS_DEPLOYMENT_TARGET = 16.1;
				MTL_ENABLE_DEBUG_INFO = NO;
				MTL_FAST_MATH = YES;
				SDKROOT = iphoneos;
				SWIFT_COMPILATION_MODE = wholemodule;
				SWIFT_OPTIMIZATION_LEVEL = "-O";
				VALIDATE_PRODUCT = YES;
			};
			name = Release;
		};
		7F15A5B72930C9760054EC41 /* Debug */ = {
			isa = XCBuildConfiguration;
			buildSettings = {
				ASSETCATALOG_COMPILER_APPICON_NAME = AppIcon;
				ASSETCATALOG_COMPILER_GLOBAL_ACCENT_COLOR_NAME = AccentColor;
				CODE_SIGN_STYLE = Automatic;
				CURRENT_PROJECT_VERSION = 1;
				DEVELOPMENT_TEAM = VPYNKX63VC;
				GENERATE_INFOPLIST_FILE = YES;
				INFOPLIST_FILE = AssignmentFive/Info.plist;
				INFOPLIST_KEY_UIApplicationSupportsIndirectInputEvents = YES;
				INFOPLIST_KEY_UILaunchStoryboardName = LaunchScreen;
				INFOPLIST_KEY_UIMainStoryboardFile = Main;
				INFOPLIST_KEY_UISupportedInterfaceOrientations_iPad = "UIInterfaceOrientationPortrait UIInterfaceOrientationPortraitUpsideDown UIInterfaceOrientationLandscapeLeft UIInterfaceOrientationLandscapeRight";
				INFOPLIST_KEY_UISupportedInterfaceOrientations_iPhone = "UIInterfaceOrientationPortrait UIInterfaceOrientationLandscapeLeft UIInterfaceOrientationLandscapeRight";
				LD_RUNPATH_SEARCH_PATHS = (
					"$(inherited)",
					"@executable_path/Frameworks",
				);
				MARKETING_VERSION = 1.0;
				PRODUCT_BUNDLE_IDENTIFIER = UHWO.AssignmentFive;
				PRODUCT_NAME = "$(TARGET_NAME)";
				SWIFT_EMIT_LOC_STRINGS = YES;
				SWIFT_VERSION = 5.0;
				TARGETED_DEVICE_FAMILY = "1,2";
			};
			name = Debug;
		};
		7F15A5B82930C9760054EC41 /* Release */ = {
			isa = XCBuildConfiguration;
			buildSettings = {
				ASSETCATALOG_COMPILER_APPICON_NAME = AppIcon;
				ASSETCATALOG_COMPILER_GLOBAL_ACCENT_COLOR_NAME = AccentColor;
				CODE_SIGN_STYLE = Automatic;
				CURRENT_PROJECT_VERSION = 1;
				DEVELOPMENT_TEAM = VPYNKX63VC;
				GENERATE_INFOPLIST_FILE = YES;
				INFOPLIST_FILE = AssignmentFive/Info.plist;
				INFOPLIST_KEY_UIApplicationSupportsIndirectInputEvents = YES;
				INFOPLIST_KEY_UILaunchStoryboardName = LaunchScreen;
				INFOPLIST_KEY_UIMainStoryboardFile = Main;
				INFOPLIST_KEY_UISupportedInterfaceOrientations_iPad = "UIInterfaceOrientationPortrait UIInterfaceOrientationPortraitUpsideDown UIInterfaceOrientationLandscapeLeft UIInterfaceOrientationLandscapeRight";
				INFOPLIST_KEY_UISupportedInterfaceOrientations_iPhone = "UIInterfaceOrientationPortrait UIInterfaceOrientationLandscapeLeft UIInterfaceOrientationLandscapeRight";
				LD_RUNPATH_SEARCH_PATHS = (
					"$(inherited)",
					"@executable_path/Frameworks",
				);
				MARKETING_VERSION = 1.0;
				PRODUCT_BUNDLE_IDENTIFIER = UHWO.AssignmentFive;
				PRODUCT_NAME = "$(TARGET_NAME)";
				SWIFT_EMIT_LOC_STRINGS = YES;
				SWIFT_VERSION = 5.0;
				TARGETED_DEVICE_FAMILY = "1,2";
			};
			name = Release;
		};
		7F15A5BA2930C9760054EC41 /* Debug */ = {
			isa = XCBuildConfiguration;
			buildSettings = {
				ALWAYS_EMBED_SWIFT_STANDARD_LIBRARIES = YES;
				BUNDLE_LOADER = "$(TEST_HOST)";
				CODE_SIGN_STYLE = Automatic;
				CURRENT_PROJECT_VERSION = 1;
				DEVELOPMENT_TEAM = VPYNKX63VC;
				GENERATE_INFOPLIST_FILE = YES;
				IPHONEOS_DEPLOYMENT_TARGET = 16.1;
				MARKETING_VERSION = 1.0;
				PRODUCT_BUNDLE_IDENTIFIER = UHWO.AssignmentFiveTests;
				PRODUCT_NAME = "$(TARGET_NAME)";
				SWIFT_EMIT_LOC_STRINGS = NO;
				SWIFT_VERSION = 5.0;
				TARGETED_DEVICE_FAMILY = "1,2";
				TEST_HOST = "$(BUILT_PRODUCTS_DIR)/AssignmentFive.app/$(BUNDLE_EXECUTABLE_FOLDER_PATH)/AssignmentFive";
			};
			name = Debug;
		};
		7F15A5BB2930C9760054EC41 /* Release */ = {
			isa = XCBuildConfiguration;
			buildSettings = {
				ALWAYS_EMBED_SWIFT_STANDARD_LIBRARIES = YES;
				BUNDLE_LOADER = "$(TEST_HOST)";
				CODE_SIGN_STYLE = Automatic;
				CURRENT_PROJECT_VERSION = 1;
				DEVELOPMENT_TEAM = VPYNKX63VC;
				GENERATE_INFOPLIST_FILE = YES;
				IPHONEOS_DEPLOYMENT_TARGET = 16.1;
				MARKETING_VERSION = 1.0;
				PRODUCT_BUNDLE_IDENTIFIER = UHWO.AssignmentFiveTests;
				PRODUCT_NAME = "$(TARGET_NAME)";
				SWIFT_EMIT_LOC_STRINGS = NO;
				SWIFT_VERSION = 5.0;
				TARGETED_DEVICE_FAMILY = "1,2";
				TEST_HOST = "$(BUILT_PRODUCTS_DIR)/AssignmentFive.app/$(BUNDLE_EXECUTABLE_FOLDER_PATH)/AssignmentFive";
			};
			name = Release;
		};
		7F15A5BD2930C9760054EC41 /* Debug */ = {
			isa = XCBuildConfiguration;
			buildSettings = {
				ALWAYS_EMBED_SWIFT_STANDARD_LIBRARIES = YES;
				CODE_SIGN_STYLE = Automatic;
				CURRENT_PROJECT_VERSION = 1;
				DEVELOPMENT_TEAM = VPYNKX63VC;
				GENERATE_INFOPLIST_FILE = YES;
				MARKETING_VERSION = 1.0;
				PRODUCT_BUNDLE_IDENTIFIER = UHWO.AssignmentFiveUITests;
				PRODUCT_NAME = "$(TARGET_NAME)";
				SWIFT_EMIT_LOC_STRINGS = NO;
				SWIFT_VERSION = 5.0;
				TARGETED_DEVICE_FAMILY = "1,2";
				TEST_TARGET_NAME = AssignmentFive;
			};
			name = Debug;
		};
		7F15A5BE2930C9760054EC41 /* Release */ = {
			isa = XCBuildConfiguration;
			buildSettings = {
				ALWAYS_EMBED_SWIFT_STANDARD_LIBRARIES = YES;
				CODE_SIGN_STYLE = Automatic;
				CURRENT_PROJECT_VERSION = 1;
				DEVELOPMENT_TEAM = VPYNKX63VC;
				GENERATE_INFOPLIST_FILE = YES;
				MARKETING_VERSION = 1.0;
				PRODUCT_BUNDLE_IDENTIFIER = UHWO.AssignmentFiveUITests;
				PRODUCT_NAME = "$(TARGET_NAME)";
				SWIFT_EMIT_LOC_STRINGS = NO;
				SWIFT_VERSION = 5.0;
				TARGETED_DEVICE_FAMILY = "1,2";
				TEST_TARGET_NAME = AssignmentFive;
			};
			name = Release;
		};
/* End XCBuildConfiguration section */

/* Begin XCConfigurationList section */
		7F15A5872930C9740054EC41 /* Build configuration list for PBXProject "AssignmentFive" */ = {
			isa = XCConfigurationList;
			buildConfigurations = (
				7F15A5B42930C9760054EC41 /* Debug */,
				7F15A5B52930C9760054EC41 /* Release */,
			);
			defaultConfigurationIsVisible = 0;
			defaultConfigurationName = Release;
		};
		7F15A5B62930C9760054EC41 /* Build configuration list for PBXNativeTarget "AssignmentFive" */ = {
			isa = XCConfigurationList;
			buildConfigurations = (
				7F15A5B72930C9760054EC41 /* Debug */,
				7F15A5B82930C9760054EC41 /* Release */,
			);
			defaultConfigurationIsVisible = 0;
			defaultConfigurationName = Release;
		};
		7F15A5B92930C9760054EC41 /* Build configuration list for PBXNativeTarget "AssignmentFiveTests" */ = {
			isa = XCConfigurationList;
			buildConfigurations = (
				7F15A5BA2930C9760054EC41 /* Debug */,
				7F15A5BB2930C9760054EC41 /* Release */,
			);
			defaultConfigurationIsVisible = 0;
			defaultConfigurationName = Release;
		};
		7F15A5BC2930C9760054EC41 /* Build configuration list for PBXNativeTarget "AssignmentFiveUITests" */ = {
			isa = XCConfigurationList;
			buildConfigurations = (
				7F15A5BD2930C9760054EC41 /* Debug */,
				7F15A5BE2930C9760054EC41 /* Release */,
			);
			defaultConfigurationIsVisible = 0;
			defaultConfigurationName = Release;
		};
/* End XCConfigurationList section */
	};
	rootObject = 7F15A5842930C9740054EC41 /* Project object */;
}
